
Microsoft Visual Studio Solution File, Format Version 12.00
# Visual Studio Version 17
VisualStudioVersion = 17.2.32630.192
MinimumVisualStudioVersion = 10.0.40219.1
Project("{8BC9CEB8-8B4A-11D0-8D11-00A0C91BC942}") = "A-Star-Pathfinding", "A-Star-Pathfinding.vcxproj", "{495ADBDB-9CD3-4BE4-818E-81FD5EB1B1BA}"
EndProject
Global
	GlobalSection(SolutionConfigurationPlatforms) = preSolution
		Debug Dynamic|x64 = Debug Dynamic|x64
		Debug Dynamic|x86 = Debug Dynamic|x86
		Debug Static|x64 = Debug Static|x64
		Debug Static|x86 = Debug Static|x86
		Release Dynamic|x64 = Release Dynamic|x64
		Release Dynamic|x86 = Release Dynamic|x86
		Release Static|x64 = Release Static|x64
		Release Static|x86 = Release Static|x86
	EndGlobalSection
	GlobalSection(ProjectConfigurationPlatforms) = postSolution
		{495ADBDB-9CD3-4BE4-818E-81FD5EB1B1BA}.Debug Dynamic|x64.ActiveCfg = Debug Dynamic|x64
		{495ADBDB-9CD3-4BE4-818E-81FD5EB1B1BA}.Debug Dynamic|x64.Build.0 = Debug Dynamic|x64
		{495ADBDB-9CD3-4BE4-818E-81FD5EB1B1BA}.Debug Dynamic|x86.ActiveCfg = Debug Dynamic|Win32
		{495ADBDB-9CD3-4BE4-818E-81FD5EB1B1BA}.Debug Dynamic|x86.Build.0 = Debug Dynamic|Win32
		{495ADBDB-9CD3-4BE4-818E-81FD5EB1B1BA}.Debug Static|x64.ActiveCfg = Debug Static|x64
		{495ADBDB-9CD3-4BE4-818E-81FD5EB1B1BA}.Debug Static|x64.Build.0 = Debug Static|x64
		{495ADBDB-9CD3-4BE4-818E-81FD5EB1B1BA}.Debug Static|x86.ActiveCfg = Debug Static|Win32
		{495ADBDB-9CD3-4BE4-818E-81FD5EB1B1BA}.Debug Static|x86.Build.0 = Debug Static|Win32
		{495ADBDB-9CD3-4BE4-818E-81FD5EB1B1BA}.Release Dynamic|x64.ActiveCfg = Release Dynamic|x64
		{495ADBDB-9CD3-4BE4-818E-81FD5EB1B1BA}.Release Dynamic|x64.Build.0 = Release Dynamic|x64
		{495ADBDB-9CD3-4BE4-818E-81FD5EB1B1BA}.Release Dynamic|x86.ActiveCfg = Release Dynamic|Win32
		{495ADBDB-9CD3-4BE4-818E-81FD5EB1B1BA}.Release Dynamic|x86.Build.0 = Release Dynamic|Win32
		{495ADBDB-9CD3-4BE4-818E-81FD5EB1B1BA}.Release Static|x64.ActiveCfg = Release Static|x64
		{495ADBDB-9CD3-4BE4-818E-81FD5EB1B1BA}.Release Static|x64.Build.0 = Release Static|x64
		{495ADBDB-9CD3-4BE4-818E-81FD5EB1B1BA}.Release Static|x86.ActiveCfg = Release Static|Win32
		{495ADBDB-9CD3-4BE4-818E-81FD5EB1B1BA}.Release Static|x86.Build.0 = Release Static|Win32
	EndGlobalSection
	GlobalSection(SolutionProperties) = preSolution
		HideSolutionNode = FALSE
	EndGlobalSection
	GlobalSection(ExtensibilityGlobals) = postSolution
		SolutionGuid = {5E31EC97-8904-45B2-AEF3-0017CA63C0F8}
	EndGlobalSection
EndGlobal
